
Microsoft Visual Studio Solution File, Format Version 12.00
# Visual Studio 15
VisualStudioVersion = 15.0.28307.1525
MinimumVisualStudioVersion = 10.0.40219.1
Project("{FAE04EC0-301F-11D3-BF4B-00C04F79EFBC}") = "CreationModelPlugin", "CreationModelPlugin\CreationModelPlugin.csproj", "{675CA870-36FE-42A0-84EA-AB06F0E57F40}"
EndProject
Global
	GlobalSection(SolutionConfigurationPlatforms) = preSolution
		Debug|Any CPU = Debug|Any CPU
		Release|Any CPU = Release|Any CPU
	EndGlobalSection
	GlobalSection(ProjectConfigurationPlatforms) = postSolution
		{675CA870-36FE-42A0-84EA-AB06F0E57F40}.Debug|Any CPU.ActiveCfg = Debug|Any CPU
		{675CA870-36FE-42A0-84EA-AB06F0E57F40}.Debug|Any CPU.Build.0 = Debug|Any CPU
		{675CA870-36FE-42A0-84EA-AB06F0E57F40}.Release|Any CPU.ActiveCfg = Release|Any CPU
		{675CA870-36FE-42A0-84EA-AB06F0E57F40}.Release|Any CPU.Build.0 = Release|Any CPU
	EndGlobalSection
	GlobalSection(SolutionProperties) = preSolution
		HideSolutionNode = FALSE
	EndGlobalSection
	GlobalSection(ExtensibilityGlobals) = postSolution
		SolutionGuid = {39CD9C4B-F94E-41C0-AB69-11F8A4454916}
	EndGlobalSection
EndGlobal
